{
  "pins" : [
    {
      "identity" : "peripherykit",
      "kind" : "remoteSourceControl",
      "location" : "https://github.com/CmST0us/PeripheryKit.git",
      "state" : {
        "branch" : "main",
        "revision" : "3dc804af9034540e865525bbb1dd3153529f2b16"
      }
    },
    {
      "identity" : "swift-mmio",
      "kind" : "remoteSourceControl",
      "location" : "https://github.com/apple/swift-mmio.git",
      "state" : {
        "revision" : "e75a13854fe25ac75043c4fdb15d0dbdb55bc1d1",
        "version" : "0.0.2"
      }
    },
    {
      "identity" : "swift-syntax",
      "kind" : "remoteSourceControl",
      "location" : "https://github.com/apple/swift-syntax.git",
      "state" : {
        "revision" : "64889f0c732f210a935a0ad7cda38f77f876262d",
        "version" : "509.1.1"
      }
    },
    {
      "identity" : "swifttui",
      "kind" : "remoteSourceControl",
      "location" : "https://github.com/rensbreur/SwiftTUI.git",
      "state" : {
        "branch" : "main",
        "revision" : "9ae1ac9f2f4070a1186e7f4adafebe9bf1beedff"
      }
    }
  ],
  "version" : 2
}
